
Microsoft Visual Studio Solution File, Format Version 12.00
# Visual Studio Version 17
VisualStudioVersion = 17.4.33205.214
MinimumVisualStudioVersion = 10.0.40219.1
Project("{FAE04EC0-301F-11D3-BF4B-00C04F79EFBC}") = "MapBuddy", "MapBuddy\MapBuddy.csproj", "{AED42E77-759F-4F66-86BC-5D45D26A1347}"
EndProject
Global
	GlobalSection(SolutionConfigurationPlatforms) = preSolution
		Debug|Any CPU = Debug|Any CPU
		Release|Any CPU = Release|Any CPU
	EndGlobalSection
	GlobalSection(ProjectConfigurationPlatforms) = postSolution
		{AED42E77-759F-4F66-86BC-5D45D26A1347}.Debug|Any CPU.ActiveCfg = Debug|Any CPU
		{AED42E77-759F-4F66-86BC-5D45D26A1347}.Debug|Any CPU.Build.0 = Debug|Any CPU
		{AED42E77-759F-4F66-86BC-5D45D26A1347}.Release|Any CPU.ActiveCfg = Release|Any CPU
		{AED42E77-759F-4F66-86BC-5D45D26A1347}.Release|Any CPU.Build.0 = Release|Any CPU
	EndGlobalSection
	GlobalSection(SolutionProperties) = preSolution
		HideSolutionNode = FALSE
	EndGlobalSection
	GlobalSection(ExtensibilityGlobals) = postSolution
		SolutionGuid = {877B398A-48AA-497F-851A-A7B2CC779D24}
	EndGlobalSection
EndGlobal
